
Microsoft Visual Studio Solution File, Format Version 12.00
# Visual Studio Version 18
VisualStudioVersion = 18.2.11408.102 d18.0
MinimumVisualStudioVersion = 10.0.40219.1
Project("{FAE04EC0-301F-11D3-BF4B-00C04F79EFBC}") = "ZELDA", "ZELDA.csproj", "{026AB849-B07F-7DA7-CC5C-A5D973166323}"
EndProject
Global
	GlobalSection(SolutionConfigurationPlatforms) = preSolution
		Debug|Any CPU = Debug|Any CPU
		Release|Any CPU = Release|Any CPU
	EndGlobalSection
	GlobalSection(ProjectConfigurationPlatforms) = postSolution
		{026AB849-B07F-7DA7-CC5C-A5D973166323}.Debug|Any CPU.ActiveCfg = Debug|Any CPU
		{026AB849-B07F-7DA7-CC5C-A5D973166323}.Debug|Any CPU.Build.0 = Debug|Any CPU
		{026AB849-B07F-7DA7-CC5C-A5D973166323}.Release|Any CPU.ActiveCfg = Release|Any CPU
		{026AB849-B07F-7DA7-CC5C-A5D973166323}.Release|Any CPU.Build.0 = Release|Any CPU
	EndGlobalSection
	GlobalSection(SolutionProperties) = preSolution
		HideSolutionNode = FALSE
	EndGlobalSection
	GlobalSection(ExtensibilityGlobals) = postSolution
		SolutionGuid = {476B399F-D426-46CE-9E09-6BFC9215000F}
	EndGlobalSection
EndGlobal
